
Microsoft Visual Studio Solution File, Format Version 12.00
Project("{FAE04EC0-301F-11D3-BF4B-00C04F79EFBC}") = "HSPI_WebHookNotifications", "HSPI_WebHookNotifications\HSPI_WebHookNotifications.csproj", "{0443895C-FE8E-496E-A96D-4838670D4341}"
EndProject
Global
	GlobalSection(SolutionConfigurationPlatforms) = preSolution
		Debug|Any CPU = Debug|Any CPU
		Release|Any CPU = Release|Any CPU
	EndGlobalSection
	GlobalSection(ProjectConfigurationPlatforms) = postSolution
		{0443895C-FE8E-496E-A96D-4838670D4341}.Debug|Any CPU.ActiveCfg = Debug|Any CPU
		{0443895C-FE8E-496E-A96D-4838670D4341}.Debug|Any CPU.Build.0 = Debug|Any CPU
		{0443895C-FE8E-496E-A96D-4838670D4341}.Release|Any CPU.ActiveCfg = Release|Any CPU
		{0443895C-FE8E-496E-A96D-4838670D4341}.Release|Any CPU.Build.0 = Release|Any CPU
	EndGlobalSection
EndGlobal
